
Microsoft Visual Studio Solution File, Format Version 12.00
# Visual Studio 15
Project("{FAE04EC0-301F-11D3-BF4B-00C04F79EFBC}") = "Assembly-CSharp", "Assembly-CSharp.csproj", "{A5B85D6D-6E75-BFA8-6C1D-F6B2652DF2F2}"
EndProject
Project("{FAE04EC0-301F-11D3-BF4B-00C04F79EFBC}") = "Assembly-CSharp-Editor", "Assembly-CSharp-Editor.csproj", "{C127C474-D71C-4C8D-D8A6-623E0AD3E74F}"
EndProject
Global
	GlobalSection(SolutionConfigurationPlatforms) = preSolution
		Debug|Any CPU = Debug|Any CPU
		Release|Any CPU = Release|Any CPU
	EndGlobalSection
	GlobalSection(ProjectConfigurationPlatforms) = postSolution
		{A5B85D6D-6E75-BFA8-6C1D-F6B2652DF2F2}.Debug|Any CPU.ActiveCfg = Debug|Any CPU
		{A5B85D6D-6E75-BFA8-6C1D-F6B2652DF2F2}.Debug|Any CPU.Build.0 = Debug|Any CPU
		{A5B85D6D-6E75-BFA8-6C1D-F6B2652DF2F2}.Release|Any CPU.ActiveCfg = Release|Any CPU
		{A5B85D6D-6E75-BFA8-6C1D-F6B2652DF2F2}.Release|Any CPU.Build.0 = Release|Any CPU
		{C127C474-D71C-4C8D-D8A6-623E0AD3E74F}.Debug|Any CPU.ActiveCfg = Debug|Any CPU
		{C127C474-D71C-4C8D-D8A6-623E0AD3E74F}.Debug|Any CPU.Build.0 = Debug|Any CPU
		{C127C474-D71C-4C8D-D8A6-623E0AD3E74F}.Release|Any CPU.ActiveCfg = Release|Any CPU
		{C127C474-D71C-4C8D-D8A6-623E0AD3E74F}.Release|Any CPU.Build.0 = Release|Any CPU
	EndGlobalSection
	GlobalSection(SolutionProperties) = preSolution
		HideSolutionNode = FALSE
	EndGlobalSection
EndGlobal
